
Microsoft Visual Studio Solution File, Format Version 12.00
# Visual Studio Version 16
VisualStudioVersion = 16.0.30611.23
MinimumVisualStudioVersion = 10.0.40219.1
Project("{FAE04EC0-301F-11D3-BF4B-00C04F79EFBC}") = "Labsheet1", "Labsheet1\Labsheet1.csproj", "{34A4E812-C1F2-4661-B1A6-7904BADA95EE}"
EndProject
Project("{2150E333-8FDC-42A3-9474-1A3956D46DE8}") = "Solution Items", "Solution Items", "{2867F4FA-A4DC-451E-8C23-8C3B479C4C68}"
EndProject
Global
	GlobalSection(SolutionConfigurationPlatforms) = preSolution
		Debug|Any CPU = Debug|Any CPU
		Release|Any CPU = Release|Any CPU
	EndGlobalSection
	GlobalSection(ProjectConfigurationPlatforms) = postSolution
		{34A4E812-C1F2-4661-B1A6-7904BADA95EE}.Debug|Any CPU.ActiveCfg = Debug|Any CPU
		{34A4E812-C1F2-4661-B1A6-7904BADA95EE}.Debug|Any CPU.Build.0 = Debug|Any CPU
		{34A4E812-C1F2-4661-B1A6-7904BADA95EE}.Release|Any CPU.ActiveCfg = Release|Any CPU
		{34A4E812-C1F2-4661-B1A6-7904BADA95EE}.Release|Any CPU.Build.0 = Release|Any CPU
	EndGlobalSection
	GlobalSection(SolutionProperties) = preSolution
		HideSolutionNode = FALSE
	EndGlobalSection
	GlobalSection(ExtensibilityGlobals) = postSolution
		SolutionGuid = {8DE96AA4-D96B-493D-A9F4-B288C9DFAEE1}
	EndGlobalSection
EndGlobal
